
Microsoft Visual Studio Solution File, Format Version 12.00
# Visual Studio Version 17
VisualStudioVersion = 17.13.35828.75 d17.13
MinimumVisualStudioVersion = 10.0.40219.1
Project("{FAE04EC0-301F-11D3-BF4B-00C04F79EFBC}") = "AdvogadosWeb", "AdvogadosWeb\AdvogadosWeb.csproj", "{FED0E640-81C9-4042-952F-7AC981A1A3DC}"
EndProject
Global
	GlobalSection(SolutionConfigurationPlatforms) = preSolution
		Debug|Any CPU = Debug|Any CPU
		Release|Any CPU = Release|Any CPU
	EndGlobalSection
	GlobalSection(ProjectConfigurationPlatforms) = postSolution
		{FED0E640-81C9-4042-952F-7AC981A1A3DC}.Debug|Any CPU.ActiveCfg = Debug|Any CPU
		{FED0E640-81C9-4042-952F-7AC981A1A3DC}.Debug|Any CPU.Build.0 = Debug|Any CPU
		{FED0E640-81C9-4042-952F-7AC981A1A3DC}.Release|Any CPU.ActiveCfg = Release|Any CPU
		{FED0E640-81C9-4042-952F-7AC981A1A3DC}.Release|Any CPU.Build.0 = Release|Any CPU
	EndGlobalSection
	GlobalSection(SolutionProperties) = preSolution
		HideSolutionNode = FALSE
	EndGlobalSection
	GlobalSection(ExtensibilityGlobals) = postSolution
		SolutionGuid = {17FBBA35-2BEA-4F86-8A11-80B6DCC0CA33}
	EndGlobalSection
EndGlobal
